// !$*UTF8*$!
{
	archiveVersion = 1;
	classes = {
	};
	objectVersion = 50;
	objects = {

/* Begin PBXBuildFile section */
		FAFFA89E21AA5E1300221D29 /* AppDelegate.swift in Sources */ = {isa = PBXBuildFile; fileRef = FAFFA89D21AA5E1300221D29 /* AppDelegate.swift */; };
		FAFFA8A021AA5E1300221D29 /* ViewController.swift in Sources */ = {isa = PBXBuildFile; fileRef = FAFFA89F21AA5E1300221D29 /* ViewController.swift */; };
		FAFFA8A321AA5E1300221D29 /* Main.storyboard in Resources */ = {isa = PBXBuildFile; fileRef = FAFFA8A121AA5E1300221D29 /* Main.storyboard */; };
		FAFFA8A521AA5E1400221D29 /* Assets.xcassets in Resources */ = {isa = PBXBuildFile; fileRef = FAFFA8A421AA5E1400221D29 /* Assets.xcassets */; };
		FAFFA8A821AA5E1400221D29 /* LaunchScreen.storyboard in Resources */ = {isa = PBXBuildFile; fileRef = FAFFA8A621AA5E1400221D29 /* LaunchScreen.storyboard */; };
		FAFFA8B021AA5E5400221D29 /* SooninSlideInHandler.swift in Sources */ = {isa = PBXBuildFile; fileRef = FAFFA8AF21AA5E5400221D29 /* SooninSlideInHandler.swift */; };
/* End PBXBuildFile section */

/* Begin PBXFileReference section */
		FAFFA89A21AA5E1300221D29 /* IOS-Swift-ReadySlideInMenu.app */ = {isa = PBXFileReference; explicitFileType = wrapper.application; includeInIndex = 0; path = "IOS-Swift-ReadySlideInMenu.app"; sourceTree = BUILT_PRODUCTS_DIR; };
		FAFFA89D21AA5E1300221D29 /* AppDelegate.swift */ = {isa = PBXFileReference; lastKnownFileType = sourcecode.swift; path = AppDelegate.swift; sourceTree = "<group>"; };
		FAFFA89F21AA5E1300221D29 /* ViewController.swift */ = {isa = PBXFileReference; lastKnownFileType = sourcecode.swift; path = ViewController.swift; sourceTree = "<group>"; };
		FAFFA8A221AA5E1300221D29 /* Base */ = {isa = PBXFileReference; lastKnownFileType = file.storyboard; name = Base; path = Base.lproj/Main.storyboard; sourceTree = "<group>"; };
		FAFFA8A421AA5E1400221D29 /* Assets.xcassets */ = {isa = PBXFileReference; lastKnownFileType = folder.assetcatalog; path = Assets.xcassets; sourceTree = "<group>"; };
		FAFFA8A721AA5E1400221D29 /* Base */ = {isa = PBXFileReference; lastKnownFileType = file.storyboard; name = Base; path = Base.lproj/LaunchScreen.storyboard; sourceTree = "<group>"; };
		FAFFA8A921AA5E1400221D29 /* Info.plist */ = {isa = PBXFileReference; lastKnownFileType = text.plist.xml; path = Info.plist; sourceTree = "<group>"; };
		FAFFA8AF21AA5E5400221D29 /* SooninSlideInHandler.swift */ = {isa = PBXFileReference; lastKnownFileType = sourcecode.swift; path = SooninSlideInHandler.swift; sourceTree = "<group>"; };
/* End PBXFileReference section */

/* Begin PBXFrameworksBuildPhase section */
		FAFFA89721AA5E1300221D29 /* Frameworks */ = {
			isa = PBXFrameworksBuildPhase;
			buildActionMask = 2147483647;
			files = (
			);
			runOnlyForDeploymentPostprocessing = 0;
		};
/* End PBXFrameworksBuildPhase section */

/* Begin PBXGroup section */
		FAFFA89121AA5E1300221D29 = {
			isa = PBXGroup;
			children = (
				FAFFA89C21AA5E1300221D29 /* IOS-Swift-ReadySlideInMenu */,
				FAFFA89B21AA5E1300221D29 /* Products */,
			);
			sourceTree = "<group>";
		};
		FAFFA89B21AA5E1300221D29 /* Products */ = {
			isa = PBXGroup;
			children = (
				FAFFA89A21AA5E1300221D29 /* IOS-Swift-ReadySlideInMenu.app */,
			);
			name = Products;
			sourceTree = "<group>";
		};
		FAFFA89C21AA5E1300221D29 /* IOS-Swift-ReadySlideInMenu */ = {
			isa = PBXGroup;
			children = (
				FAFFA89D21AA5E1300221D29 /* AppDelegate.swift */,
				FAFFA89F21AA5E1300221D29 /* ViewController.swift */,
				FAFFA8AF21AA5E5400221D29 /* SooninSlideInHandler.swift */,
				FAFFA8A121AA5E1300221D29 /* Main.storyboard */,
				FAFFA8A421AA5E1400221D29 /* Assets.xcassets */,
				FAFFA8A621AA5E1400221D29 /* LaunchScreen.storyboard */,
				FAFFA8A921AA5E1400221D29 /* Info.plist */,
			);
			path = "IOS-Swift-ReadySlideInMenu";
			sourceTree = "<group>";
		};
/* End PBXGroup section */

/* Begin PBXNativeTarget section */
		FAFFA89921AA5E1300221D29 /* IOS-Swift-ReadySlideInMenu */ = {
			isa = PBXNativeTarget;
			buildConfigurationList = FAFFA8AC21AA5E1400221D29 /* Build configuration list for PBXNativeTarget "IOS-Swift-ReadySlideInMenu" */;
			buildPhases = (
				FAFFA89621AA5E1300221D29 /* Sources */,
				FAFFA89721AA5E1300221D29 /* Frameworks */,
				FAFFA89821AA5E1300221D29 /* Resources */,
			);
			buildRules = (
			);
			dependencies = (
			);
			name = "IOS-Swift-ReadySlideInMenu";
			productName = "IOS-Swift-ReadySlideInMenu";
			productReference = FAFFA89A21AA5E1300221D29 /* IOS-Swift-ReadySlideInMenu.app */;
			productType = "com.apple.product-type.application";
		};
/* End PBXNativeTarget section */

/* Begin PBXProject section */
		FAFFA89221AA5E1300221D29 /* Project object */ = {
			isa = PBXProject;
			attributes = {
				LastSwiftUpdateCheck = 1010;
				LastUpgradeCheck = 1010;
				ORGANIZATIONNAME = Sooni;
				TargetAttributes = {
					FAFFA89921AA5E1300221D29 = {
						CreatedOnToolsVersion = 10.1;
					};
				};
			};
			buildConfigurationList = FAFFA89521AA5E1300221D29 /* Build configuration list for PBXProject "IOS-Swift-ReadySlideInMenu" */;
			compatibilityVersion = "Xcode 9.3";
			developmentRegion = en;
			hasScannedForEncodings = 0;
			knownRegions = (
				en,
				Base,
			);
			mainGroup = FAFFA89121AA5E1300221D29;
			productRefGroup = FAFFA89B21AA5E1300221D29 /* Products */;
			projectDirPath = "";
			projectRoot = "";
			targets = (
				FAFFA89921AA5E1300221D29 /* IOS-Swift-ReadySlideInMenu */,
			);
		};
/* End PBXProject section */

/* Begin PBXResourcesBuildPhase section */
		FAFFA89821AA5E1300221D29 /* Resources */ = {
			isa = PBXResourcesBuildPhase;
			buildActionMask = 2147483647;
			files = (
				FAFFA8A821AA5E1400221D29 /* LaunchScreen.storyboard in Resources */,
				FAFFA8A521AA5E1400221D29 /* Assets.xcassets in Resources */,
				FAFFA8A321AA5E1300221D29 /* Main.storyboard in Resources */,
			);
			runOnlyForDeploymentPostprocessing = 0;
		};
/* End PBXResourcesBuildPhase section */

/* Begin PBXSourcesBuildPhase section */
		FAFFA89621AA5E1300221D29 /* Sources */ = {
			isa = PBXSourcesBuildPhase;
			buildActionMask = 2147483647;
			files = (
				FAFFA8A021AA5E1300221D29 /* ViewController.swift in Sources */,
				FAFFA8B021AA5E5400221D29 /* SooninSlideInHandler.swift in Sources */,
				FAFFA89E21AA5E1300221D29 /* AppDelegate.swift in Sources */,
			);
			runOnlyForDeploymentPostprocessing = 0;
		};
/* End PBXSourcesBuildPhase section */

/* Begin PBXVariantGroup section */
		FAFFA8A121AA5E1300221D29 /* Main.storyboard */ = {
			isa = PBXVariantGroup;
			children = (
				FAFFA8A221AA5E1300221D29 /* Base */,
			);
			name = Main.storyboard;
			sourceTree = "<group>";
		};
		FAFFA8A621AA5E1400221D29 /* LaunchScreen.storyboard */ = {
			isa = PBXVariantGroup;
			children = (
				FAFFA8A721AA5E1400221D29 /* Base */,
			);
			name = LaunchScreen.storyboard;
			sourceTree = "<group>";
		};
/* End PBXVariantGroup section */

/* Begin XCBuildConfiguration section */
		FAFFA8AA21AA5E1400221D29 /* Debug */ = {
			isa = XCBuildConfiguration;
			buildSettings = {
				ALWAYS_SEARCH_USER_PATHS = NO;
				CLANG_ANALYZER_NONNULL = YES;
				CLANG_ANALYZER_NUMBER_OBJECT_CONVERSION = YES_AGGRESSIVE;
				CLANG_CXX_LANGUAGE_STANDARD = "gnu++14";
				CLANG_CXX_LIBRARY = "libc++";
				CLANG_ENABLE_MODULES = YES;
				CLANG_ENABLE_OBJC_ARC = YES;
				CLANG_ENABLE_OBJC_WEAK = YES;
				CLANG_WARN_BLOCK_CAPTURE_AUTORELEASING = YES;
				CLANG_WARN_BOOL_CONVERSION = YES;
				CLANG_WARN_COMMA = YES;
				CLANG_WARN_CONSTANT_CONVERSION = YES;
				CLANG_WARN_DEPRECATED_OBJC_IMPLEMENTATIONS = YES;
				CLANG_WARN_DIRECT_OBJC_ISA_USAGE = YES_ERROR;
				CLANG_WARN_DOCUMENTATION_COMMENTS = YES;
				CLANG_WARN_EMPTY_BODY = YES;
				CLANG_WARN_ENUM_CONVERSION = YES;
				CLANG_WARN_INFINITE_RECURSION = YES;
				CLANG_WARN_INT_CONVERSION = YES;
				CLANG_WARN_NON_LITERAL_NULL_CONVERSION = YES;
				CLANG_WARN_OBJC_IMPLICIT_RETAIN_SELF = YES;
				CLANG_WARN_OBJC_LITERAL_CONVERSION = YES;
				CLANG_WARN_OBJC_ROOT_CLASS = YES_ERROR;
				CLANG_WARN_RANGE_LOOP_ANALYSIS = YES;
				CLANG_WARN_STRICT_PROTOTYPES = YES;
				CLANG_WARN_SUSPICIOUS_MOVE = YES;
				CLANG_WARN_UNGUARDED_AVAILABILITY = YES_AGGRESSIVE;
				CLANG_WARN_UNREACHABLE_CODE = YES;
				CLANG_WARN__DUPLICATE_METHOD_MATCH = YES;
				CODE_SIGN_IDENTITY = "iPhone Developer";
				COPY_PHASE_STRIP = NO;
				DEBUG_INFORMATION_FORMAT = dwarf;
				ENABLE_STRICT_OBJC_MSGSEND = YES;
				ENABLE_TESTABILITY = YES;
				GCC_C_LANGUAGE_STANDARD = gnu11;
				GCC_DYNAMIC_NO_PIC = NO;
				GCC_NO_COMMON_BLOCKS = YES;
				GCC_OPTIMIZATION_LEVEL = 0;
				GCC_PREPROCESSOR_DEFINITIONS = (
					"DEBUG=1",
					"$(inherited)",
				);
				GCC_WARN_64_TO_32_BIT_CONVERSION = YES;
				GCC_WARN_ABOUT_RETURN_TYPE = YES_ERROR;
				GCC_WARN_UNDECLARED_SELECTOR = YES;
				GCC_WARN_UNINITIALIZED_AUTOS = YES_AGGRESSIVE;
				GCC_WARN_UNUSED_FUNCTION = YES;
				GCC_WARN_UNUSED_VARIABLE = YES;
				IPHONEOS_DEPLOYMENT_TARGET = 12.1;
				MTL_ENABLE_DEBUG_INFO = INCLUDE_SOURCE;
				MTL_FAST_MATH = YES;
				ONLY_ACTIVE_ARCH = YES;
				SDKROOT = iphoneos;
				SWIFT_ACTIVE_COMPILATION_CONDITIONS = DEBUG;
				SWIFT_OPTIMIZATION_LEVEL = "-Onone";
			};
			name = Debug;
		};
		FAFFA8AB21AA5E1400221D29 /* Release */ = {
			isa = XCBuildConfiguration;
			buildSettings = {
				ALWAYS_SEARCH_USER_PATHS = NO;
				CLANG_ANALYZER_NONNULL = YES;
				CLANG_ANALYZER_NUMBER_OBJECT_CONVERSION = YES_AGGRESSIVE;
				CLANG_CXX_LANGUAGE_STANDARD = "gnu++14";
				CLANG_CXX_LIBRARY = "libc++";
				CLANG_ENABLE_MODULES = YES;
				CLANG_ENABLE_OBJC_ARC = YES;
				CLANG_ENABLE_OBJC_WEAK = YES;
				CLANG_WARN_BLOCK_CAPTURE_AUTORELEASING = YES;
				CLANG_WARN_BOOL_CONVERSION = YES;
				CLANG_WARN_COMMA = YES;
				CLANG_WARN_CONSTANT_CONVERSION = YES;
				CLANG_WARN_DEPRECATED_OBJC_IMPLEMENTATIONS = YES;
				CLANG_WARN_DIRECT_OBJC_ISA_USAGE = YES_ERROR;
				CLANG_WARN_DOCUMENTATION_COMMENTS = YES;
				CLANG_WARN_EMPTY_BODY = YES;
				CLANG_WARN_ENUM_CONVERSION = YES;
				CLANG_WARN_INFINITE_RECURSION = YES;
				CLANG_WARN_INT_CONVERSION = YES;
				CLANG_WARN_NON_LITERAL_NULL_CONVERSION = YES;
				CLANG_WARN_OBJC_IMPLICIT_RETAIN_SELF = YES;
				CLANG_WARN_OBJC_LITERAL_CONVERSION = YES;
				CLANG_WARN_OBJC_ROOT_CLASS = YES_ERROR;
				CLANG_WARN_RANGE_LOOP_ANALYSIS = YES;
				CLANG_WARN_STRICT_PROTOTYPES = YES;
				CLANG_WARN_SUSPICIOUS_MOVE = YES;
				CLANG_WARN_UNGUARDED_AVAILABILITY = YES_AGGRESSIVE;
				CLANG_WARN_UNREACHABLE_CODE = YES;
				CLANG_WARN__DUPLICATE_METHOD_MATCH = YES;
				CODE_SIGN_IDENTITY = "iPhone Developer";
				COPY_PHASE_STRIP = NO;
				DEBUG_INFORMATION_FORMAT = "dwarf-with-dsym";
				ENABLE_NS_ASSERTIONS = NO;
				ENABLE_STRICT_OBJC_MSGSEND = YES;
				GCC_C_LANGUAGE_STANDARD = gnu11;
				GCC_NO_COMMON_BLOCKS = YES;
				GCC_WARN_64_TO_32_BIT_CONVERSION = YES;
				GCC_WARN_ABOUT_RETURN_TYPE = YES_ERROR;
				GCC_WARN_UNDECLARED_SELECTOR = YES;
				GCC_WARN_UNINITIALIZED_AUTOS = YES_AGGRESSIVE;
				GCC_WARN_UNUSED_FUNCTION = YES;
				GCC_WARN_UNUSED_VARIABLE = YES;
				IPHONEOS_DEPLOYMENT_TARGET = 12.1;
				MTL_ENABLE_DEBUG_INFO = NO;
				MTL_FAST_MATH = YES;
				SDKROOT = iphoneos;
				SWIFT_COMPILATION_MODE = wholemodule;
				SWIFT_OPTIMIZATION_LEVEL = "-O";
				VALIDATE_PRODUCT = YES;
			};
			name = Release;
		};
		FAFFA8AD21AA5E1400221D29 /* Debug */ = {
			isa = XCBuildConfiguration;
			buildSettings = {
				ASSETCATALOG_COMPILER_APPICON_NAME = AppIcon;
				CODE_SIGN_STYLE = Automatic;
				DEVELOPMENT_TEAM = 29BJ3MZQW5;
				INFOPLIST_FILE = "IOS-Swift-ReadySlideInMenu/Info.plist";
				IPHONEOS_DEPLOYMENT_TARGET = 12.0;
				LD_RUNPATH_SEARCH_PATHS = (
					"$(inherited)",
					"@executable_path/Frameworks",
				);
				PRODUCT_BUNDLE_IDENTIFIER = "soonin.com.github.IOS-Swift-ReadySlideInMenu";
				PRODUCT_NAME = "$(TARGET_NAME)";
				SWIFT_VERSION = 4.2;
				TARGETED_DEVICE_FAMILY = "1,2";
			};
			name = Debug;
		};
		FAFFA8AE21AA5E1400221D29 /* Release */ = {
			isa = XCBuildConfiguration;
			buildSettings = {
				ASSETCATALOG_COMPILER_APPICON_NAME = AppIcon;
				CODE_SIGN_STYLE = Automatic;
				DEVELOPMENT_TEAM = 29BJ3MZQW5;
				INFOPLIST_FILE = "IOS-Swift-ReadySlideInMenu/Info.plist";
				IPHONEOS_DEPLOYMENT_TARGET = 12.0;
				LD_RUNPATH_SEARCH_PATHS = (
					"$(inherited)",
					"@executable_path/Frameworks",
				);
				PRODUCT_BUNDLE_IDENTIFIER = "soonin.com.github.IOS-Swift-ReadySlideInMenu";
				PRODUCT_NAME = "$(TARGET_NAME)";
				SWIFT_VERSION = 4.2;
				TARGETED_DEVICE_FAMILY = "1,2";
			};
			name = Release;
		};
/* End XCBuildConfiguration section */

/* Begin XCConfigurationList section */
		FAFFA89521AA5E1300221D29 /* Build configuration list for PBXProject "IOS-Swift-ReadySlideInMenu" */ = {
			isa = XCConfigurationList;
			buildConfigurations = (
				FAFFA8AA21AA5E1400221D29 /* Debug */,
				FAFFA8AB21AA5E1400221D29 /* Release */,
			);
			defaultConfigurationIsVisible = 0;
			defaultConfigurationName = Release;
		};
		FAFFA8AC21AA5E1400221D29 /* Build configuration list for PBXNativeTarget "IOS-Swift-ReadySlideInMenu" */ = {
			isa = XCConfigurationList;
			buildConfigurations = (
				FAFFA8AD21AA5E1400221D29 /* Debug */,
				FAFFA8AE21AA5E1400221D29 /* Release */,
			);
			defaultConfigurationIsVisible = 0;
			defaultConfigurationName = Release;
		};
/* End XCConfigurationList section */
	};
	rootObject = FAFFA89221AA5E1300221D29 /* Project object */;
}
